
Microsoft Visual Studio Solution File, Format Version 12.00
# Visual Studio Version 16
VisualStudioVersion = 16.0.34601.136
MinimumVisualStudioVersion = 10.0.40219.1
Project("{FAE04EC0-301F-11D3-BF4B-00C04F79EFBC}") = "proyecto_1", "proyecto_1\proyecto_1.csproj", "{AD953436-7B90-453B-A748-7AFC691FFFFC}"
EndProject
Global
	GlobalSection(SolutionConfigurationPlatforms) = preSolution
		Debug|Any CPU = Debug|Any CPU
		Release|Any CPU = Release|Any CPU
	EndGlobalSection
	GlobalSection(ProjectConfigurationPlatforms) = postSolution
		{AD953436-7B90-453B-A748-7AFC691FFFFC}.Debug|Any CPU.ActiveCfg = Debug|Any CPU
		{AD953436-7B90-453B-A748-7AFC691FFFFC}.Debug|Any CPU.Build.0 = Debug|Any CPU
		{AD953436-7B90-453B-A748-7AFC691FFFFC}.Release|Any CPU.ActiveCfg = Release|Any CPU
		{AD953436-7B90-453B-A748-7AFC691FFFFC}.Release|Any CPU.Build.0 = Release|Any CPU
	EndGlobalSection
	GlobalSection(SolutionProperties) = preSolution
		HideSolutionNode = FALSE
	EndGlobalSection
	GlobalSection(ExtensibilityGlobals) = postSolution
		SolutionGuid = {5998DA7A-0692-417B-84C3-B21461754046}
	EndGlobalSection
EndGlobal
